# THIS IS AN AUTOGENERATED FILE. DO NOT EDIT THIS FILE DIRECTLY.
# yarn lockfile v1


"@types/node@^18.0.5":
  version "18.0.5"
  resolved "https://registry.yarnpkg.com/@types/node/-/node-18.0.5.tgz#96be8113b014e9e7f0c3609c4a25afadd85ff659"
  integrity sha512-En7tneq+j0qAiVwysBD79y86MT3ModuoIJbe7JXp+sb5UAjInSShmK3nXXMioBzfF7rXC12hv12d4IyCVwN4dA==

deeks@2.5.1:
  version "2.5.1"
  resolved "https://registry.yarnpkg.com/deeks/-/deeks-2.5.1.tgz#c4e18a00cac3f8ff95a306463db8f533c879f436"
  integrity sha512-fqrBeUz7f1UqaXDRzVB5RG2EfPk15HJRrb2pMZj8mLlSTtz4tRPsK5leFOskoHFPuyZ6+7aRM9j657fvXLkJ7Q==

doc-path@3.0.2:
  version "3.0.2"
  resolved "https://registry.yarnpkg.com/doc-path/-/doc-path-3.0.2.tgz#a7df9d58eadce28a2ddd4eda5aa392628fd75b6d"
  integrity sha512-VRlA2OKSjTbHWj6wmSanxJ338fE/YN8pqmZ0FIWK5JWkIJMFRc4KmD35JtOrnjvVG0WrzOtDDNHx1lN1tkb+lA==

eventemitter3@^4.0.7:
  version "4.0.7"
  resolved "https://registry.yarnpkg.com/eventemitter3/-/eventemitter3-4.0.7.tgz#2de9b68f6528d5644ef5c59526a1b4a07306169f"
  integrity sha512-8guHBZCwKnFhYdHr2ysuRWErTwhoN2X8XELRlrRwpmfeY2jjuUN4taQMsULKUVo1K4DvZl+0pgfyoysHxvmvEw==

json-2-csv@^3.17.1:
  version "3.17.1"
  resolved "https://registry.yarnpkg.com/json-2-csv/-/json-2-csv-3.17.1.tgz#7e0b2497f47907dad68ec1d5e903f237fa47deb3"
  integrity sha512-i6QynVy42GGMgY8fYde0mp6nYteptvk8oJsphOLiT3CITzw7NBBAiRwHV35kDOBii/elDQe1HCWLqaBPJ3istQ==
  dependencies:
    deeks "2.5.1"
    doc-path "3.0.2"

lodash@^4.17.21:
  version "4.17.21"
  resolved "https://registry.yarnpkg.com/lodash/-/lodash-4.17.21.tgz#679591c564c3bffaae8454cf0b3df370c3d6911c"
  integrity sha512-v2kDEe57lecTulaDIuNTPy3Ry4gLGJ6Z1O3vE1krgXZNrsQ+LFTGHVxVjcXPs17LhbZVGedAJv8XZ1tvj5FvSg==

p-queue@^7.2.0:
  version "7.2.0"
  resolved "https://registry.yarnpkg.com/p-queue/-/p-queue-7.2.0.tgz#e1430e4432f09b43aa8b4913d4c2ff7fdd685479"
  integrity sha512-Kvv7p13M46lTYLQ/PsZdaj/1Vj6u/8oiIJgyQyx4oVkOfHdd7M2EZvXigDvcsSzRwanCzQirV5bJPQFoSQt5MA==
  dependencies:
    eventemitter3 "^4.0.7"
    p-timeout "^5.0.2"

p-timeout@^5.0.2:
  version "5.1.0"
  resolved "https://registry.yarnpkg.com/p-timeout/-/p-timeout-5.1.0.tgz#b3c691cf4415138ce2d9cfe071dba11f0fee085b"
  integrity sha512-auFDyzzzGZZZdHz3BtET9VEz0SE/uMEAx7uWfGPucfzEwwe/xH0iVeZibQmANYE/hp9T2+UUZT5m+BKyrDp3Ew==
