# THIS IS AN AUTOGENERATED FILE. DO NOT EDIT THIS FILE DIRECTLY.
# yarn lockfile v1


"@types/node@^18.0.5":
  version "18.0.5"
  resolved "https://registry.yarnpkg.com/@types/node/-/node-18.0.5.tgz#96be8113b014e9e7f0c3609c4a25afadd85ff659"
  integrity sha512-En7tneq+j0qAiVwysBD79y86MT3ModuoIJbe7JXp+sb5UAjInSShmK3nXXMioBzfF7rXC12hv12d4IyCVwN4dA==

deeks@2.5.1:
  version "2.5.1"
  resolved "https://registry.yarnpkg.com/deeks/-/deeks-2.5.1.tgz#c4e18a00cac3f8ff95a306463db8f533c879f436"
  integrity sha512-fqrBeUz7f1UqaXDRzVB5RG2EfPk15HJRrb2pMZj8mLlSTtz4tRPsK5leFOskoHFPuyZ6+7aRM9j657fvXLkJ7Q==

doc-path@3.0.2:
  version "3.0.2"
  resolved "https://registry.yarnpkg.com/doc-path/-/doc-path-3.0.2.tgz#a7df9d58eadce28a2ddd4eda5aa392628fd75b6d"
  integrity sha512-VRlA2OKSjTbHWj6wmSanxJ338fE/YN8pqmZ0FIWK5JWkIJMFRc4KmD35JtOrnjvVG0WrzOtDDNHx1lN1tkb+lA==

json-2-csv@^3.17.1:
  version "3.17.1"
  resolved "https://registry.yarnpkg.com/json-2-csv/-/json-2-csv-3.17.1.tgz#7e0b2497f47907dad68ec1d5e903f237fa47deb3"
  integrity sha512-i6QynVy42GGMgY8fYde0mp6nYteptvk8oJsphOLiT3CITzw7NBBAiRwHV35kDOBii/elDQe1HCWLqaBPJ3istQ==
  dependencies:
    deeks "2.5.1"
    doc-path "3.0.2"

lodash@^4.17.21:
  version "4.17.21"
  resolved "https://registry.yarnpkg.com/lodash/-/lodash-4.17.21.tgz#679591c564c3bffaae8454cf0b3df370c3d6911c"
  integrity sha512-v2kDEe57lecTulaDIuNTPy3Ry4gLGJ6Z1O3vE1krgXZNrsQ+LFTGHVxVjcXPs17LhbZVGedAJv8XZ1tvj5FvSg==
